
Microsoft Visual Studio Solution File, Format Version 12.00
# Visual Studio Version 17
VisualStudioVersion = 17.7.34009.444
MinimumVisualStudioVersion = 10.0.40219.1
Project("{9A19103F-16F7-4668-BE54-9A1E7A4F7556}") = "TpIntegradorSofttekFront", "TpIntegradorSofttekFront.csproj", "{A297E593-6C19-43F1-B976-6D27D16F5F46}"
EndProject
Project("{FAE04EC0-301F-11D3-BF4B-00C04F79EFBC}") = "Data", "..\Data\Data.csproj", "{D5309F34-3E67-475E-A7A4-67035F0A9D3C}"
EndProject
Global
	GlobalSection(SolutionConfigurationPlatforms) = preSolution
		Debug|Any CPU = Debug|Any CPU
		Release|Any CPU = Release|Any CPU
	EndGlobalSection
	GlobalSection(ProjectConfigurationPlatforms) = postSolution
		{A297E593-6C19-43F1-B976-6D27D16F5F46}.Debug|Any CPU.ActiveCfg = Debug|Any CPU
		{A297E593-6C19-43F1-B976-6D27D16F5F46}.Debug|Any CPU.Build.0 = Debug|Any CPU
		{A297E593-6C19-43F1-B976-6D27D16F5F46}.Release|Any CPU.ActiveCfg = Release|Any CPU
		{A297E593-6C19-43F1-B976-6D27D16F5F46}.Release|Any CPU.Build.0 = Release|Any CPU
		{D5309F34-3E67-475E-A7A4-67035F0A9D3C}.Debug|Any CPU.ActiveCfg = Debug|Any CPU
		{D5309F34-3E67-475E-A7A4-67035F0A9D3C}.Debug|Any CPU.Build.0 = Debug|Any CPU
		{D5309F34-3E67-475E-A7A4-67035F0A9D3C}.Release|Any CPU.ActiveCfg = Release|Any CPU
		{D5309F34-3E67-475E-A7A4-67035F0A9D3C}.Release|Any CPU.Build.0 = Release|Any CPU
	EndGlobalSection
	GlobalSection(SolutionProperties) = preSolution
		HideSolutionNode = FALSE
	EndGlobalSection
	GlobalSection(ExtensibilityGlobals) = postSolution
		SolutionGuid = {7EF2C915-8A9C-4237-9053-C4BCE37385EE}
	EndGlobalSection
EndGlobal
